
Microsoft Visual Studio Solution File, Format Version 12.00
# Visual Studio Version 16
VisualStudioVersion = 16.0.31205.134
MinimumVisualStudioVersion = 10.0.40219.1
Project("{FAE04EC0-301F-11D3-BF4B-00C04F79EFBC}") = "modbusRTU", "modbusRTU.csproj", "{AC771718-B8E2-42F4-A029-7E00AC6E194E}"
EndProject
Global
	GlobalSection(SolutionConfigurationPlatforms) = preSolution
		Debug|Any CPU = Debug|Any CPU
		Release|Any CPU = Release|Any CPU
	EndGlobalSection
	GlobalSection(ProjectConfigurationPlatforms) = postSolution
		{AC771718-B8E2-42F4-A029-7E00AC6E194E}.Debug|Any CPU.ActiveCfg = Debug|Any CPU
		{AC771718-B8E2-42F4-A029-7E00AC6E194E}.Debug|Any CPU.Build.0 = Debug|Any CPU
		{AC771718-B8E2-42F4-A029-7E00AC6E194E}.Release|Any CPU.ActiveCfg = Release|Any CPU
		{AC771718-B8E2-42F4-A029-7E00AC6E194E}.Release|Any CPU.Build.0 = Release|Any CPU
	EndGlobalSection
	GlobalSection(SolutionProperties) = preSolution
		HideSolutionNode = FALSE
	EndGlobalSection
	GlobalSection(ExtensibilityGlobals) = postSolution
		SolutionGuid = {E55141C6-6571-4A05-8334-AC2A02E55784}
	EndGlobalSection
EndGlobal
